PODS:
  - LocalPrivateLibrary (0.1.0)

DEPENDENCIES:
  - LocalPrivateLibrary

SPEC REPOS:
  https://github.com/seabrea/SEASpec.git:
    - LocalPrivateLibrary

SPEC CHECKSUMS:
  LocalPrivateLibrary: f36770b32d97250212489cc790189adc36961fd3

PODFILE CHECKSUM: 7c0fedc8864769d8440519a1f5f10c80a9b92970

COCOAPODS: 1.5.0
